// !$*UTF8*$!
{
	archiveVersion = 1;
	classes = {
	};
	objectVersion = 46;
	objects = {

/* Begin PBXBuildFile section */
		333FC4401E8D675B0041D383 /* AppDelegate.swift in Sources */ = {isa = PBXBuildFile; fileRef = 333FC43F1E8D675B0041D383 /* AppDelegate.swift */; };
		333FC4451E8D675B0041D383 /* Main.storyboard in Resources */ = {isa = PBXBuildFile; fileRef = 333FC4431E8D675B0041D383 /* Main.storyboard */; };
		333FC4481E8D675B0041D383 /* Q1_6.xcdatamodeld in Sources */ = {isa = PBXBuildFile; fileRef = 333FC4461E8D675B0041D383 /* Q1_6.xcdatamodeld */; };
		333FC44A1E8D675B0041D383 /* Assets.xcassets in Resources */ = {isa = PBXBuildFile; fileRef = 333FC4491E8D675B0041D383 /* Assets.xcassets */; };
		333FC44D1E8D675B0041D383 /* LaunchScreen.storyboard in Resources */ = {isa = PBXBuildFile; fileRef = 333FC44B1E8D675B0041D383 /* LaunchScreen.storyboard */; };
		333FC4581E8D675C0041D383 /* Q1_6Tests.swift in Sources */ = {isa = PBXBuildFile; fileRef = 333FC4571E8D675C0041D383 /* Q1_6Tests.swift */; };
		333FC4631E8D675C0041D383 /* Q1_6UITests.swift in Sources */ = {isa = PBXBuildFile; fileRef = 333FC4621E8D675C0041D383 /* Q1_6UITests.swift */; };
		33597B6C1E9248FE005C4785 /* NotificationSettingViewController.swift in Sources */ = {isa = PBXBuildFile; fileRef = 33597B6B1E9248FE005C4785 /* NotificationSettingViewController.swift */; };
		33597B6E1E924BA3005C4785 /* CodeValidationViewController.swift in Sources */ = {isa = PBXBuildFile; fileRef = 33597B6D1E924BA3005C4785 /* CodeValidationViewController.swift */; };
		33597B701E92568F005C4785 /* PolicyViewController.swift in Sources */ = {isa = PBXBuildFile; fileRef = 33597B6F1E92568F005C4785 /* PolicyViewController.swift */; };
		3385B70E1E93913F004B8446 /* WelcomeViewController.swift in Sources */ = {isa = PBXBuildFile; fileRef = 3385B70D1E93913F004B8446 /* WelcomeViewController.swift */; };
/* End PBXBuildFile section */

/* Begin PBXContainerItemProxy section */
		333FC4541E8D675C0041D383 /* PBXContainerItemProxy */ = {
			isa = PBXContainerItemProxy;
			containerPortal = 333FC4341E8D675A0041D383 /* Project object */;
			proxyType = 1;
			remoteGlobalIDString = 333FC43B1E8D675A0041D383;
			remoteInfo = Q1.6;
		};
		333FC45F1E8D675C0041D383 /* PBXContainerItemProxy */ = {
			isa = PBXContainerItemProxy;
			containerPortal = 333FC4341E8D675A0041D383 /* Project object */;
			proxyType = 1;
			remoteGlobalIDString = 333FC43B1E8D675A0041D383;
			remoteInfo = Q1.6;
		};
/* End PBXContainerItemProxy section */

/* Begin PBXFileReference section */
		333FC43C1E8D675B0041D383 /* Questions.app */ = {isa = PBXFileReference; explicitFileType = wrapper.application; includeInIndex = 0; path = Questions.app; sourceTree = BUILT_PRODUCTS_DIR; };
		333FC43F1E8D675B0041D383 /* AppDelegate.swift */ = {isa = PBXFileReference; lastKnownFileType = sourcecode.swift; path = AppDelegate.swift; sourceTree = "<group>"; };
		333FC4441E8D675B0041D383 /* Base */ = {isa = PBXFileReference; lastKnownFileType = file.storyboard; name = Base; path = Base.lproj/Main.storyboard; sourceTree = "<group>"; };
		333FC4471E8D675B0041D383 /* Q1_6.xcdatamodel */ = {isa = PBXFileReference; lastKnownFileType = wrapper.xcdatamodel; path = Q1_6.xcdatamodel; sourceTree = "<group>"; };
		333FC4491E8D675B0041D383 /* Assets.xcassets */ = {isa = PBXFileReference; lastKnownFileType = folder.assetcatalog; path = Assets.xcassets; sourceTree = "<group>"; };
		333FC44C1E8D675B0041D383 /* Base */ = {isa = PBXFileReference; lastKnownFileType = file.storyboard; name = Base; path = Base.lproj/LaunchScreen.storyboard; sourceTree = "<group>"; };
		333FC44E1E8D675B0041D383 /* Info.plist */ = {isa = PBXFileReference; lastKnownFileType = text.plist.xml; path = Info.plist; sourceTree = "<group>"; };
		333FC4531E8D675C0041D383 /* Q1.6Tests.xctest */ = {isa = PBXFileReference; explicitFileType = wrapper.cfbundle; includeInIndex = 0; path = Q1.6Tests.xctest; sourceTree = BUILT_PRODUCTS_DIR; };
		333FC4571E8D675C0041D383 /* Q1_6Tests.swift */ = {isa = PBXFileReference; lastKnownFileType = sourcecode.swift; path = Q1_6Tests.swift; sourceTree = "<group>"; };
		333FC4591E8D675C0041D383 /* Info.plist */ = {isa = PBXFileReference; lastKnownFileType = text.plist.xml; path = Info.plist; sourceTree = "<group>"; };
		333FC45E1E8D675C0041D383 /* Q1.6UITests.xctest */ = {isa = PBXFileReference; explicitFileType = wrapper.cfbundle; includeInIndex = 0; path = Q1.6UITests.xctest; sourceTree = BUILT_PRODUCTS_DIR; };
		333FC4621E8D675C0041D383 /* Q1_6UITests.swift */ = {isa = PBXFileReference; lastKnownFileType = sourcecode.swift; path = Q1_6UITests.swift; sourceTree = "<group>"; };
		333FC4641E8D675C0041D383 /* Info.plist */ = {isa = PBXFileReference; lastKnownFileType = text.plist.xml; path = Info.plist; sourceTree = "<group>"; };
		33597B6B1E9248FE005C4785 /* NotificationSettingViewController.swift */ = {isa = PBXFileReference; fileEncoding = 4; lastKnownFileType = sourcecode.swift; path = NotificationSettingViewController.swift; sourceTree = "<group>"; };
		33597B6D1E924BA3005C4785 /* CodeValidationViewController.swift */ = {isa = PBXFileReference; fileEncoding = 4; lastKnownFileType = sourcecode.swift; path = CodeValidationViewController.swift; sourceTree = "<group>"; };
		33597B6F1E92568F005C4785 /* PolicyViewController.swift */ = {isa = PBXFileReference; fileEncoding = 4; lastKnownFileType = sourcecode.swift; path = PolicyViewController.swift; sourceTree = "<group>"; };
		3385B70D1E93913F004B8446 /* WelcomeViewController.swift */ = {isa = PBXFileReference; fileEncoding = 4; lastKnownFileType = sourcecode.swift; path = WelcomeViewController.swift; sourceTree = "<group>"; };
/* End PBXFileReference section */

/* Begin PBXFrameworksBuildPhase section */
		333FC4391E8D675A0041D383 /* Frameworks */ = {
			isa = PBXFrameworksBuildPhase;
			buildActionMask = 2147483647;
			files = (
			);
			runOnlyForDeploymentPostprocessing = 0;
		};
		333FC4501E8D675C0041D383 /* Frameworks */ = {
			isa = PBXFrameworksBuildPhase;
			buildActionMask = 2147483647;
			files = (
			);
			runOnlyForDeploymentPostprocessing = 0;
		};
		333FC45B1E8D675C0041D383 /* Frameworks */ = {
			isa = PBXFrameworksBuildPhase;
			buildActionMask = 2147483647;
			files = (
			);
			runOnlyForDeploymentPostprocessing = 0;
		};
/* End PBXFrameworksBuildPhase section */

/* Begin PBXGroup section */
		333FC4331E8D675A0041D383 = {
			isa = PBXGroup;
			children = (
				333FC43E1E8D675B0041D383 /* Q1.6 */,
				333FC4561E8D675C0041D383 /* Q1.6Tests */,
				333FC4611E8D675C0041D383 /* Q1.6UITests */,
				333FC43D1E8D675B0041D383 /* Products */,
			);
			sourceTree = "<group>";
		};
		333FC43D1E8D675B0041D383 /* Products */ = {
			isa = PBXGroup;
			children = (
				333FC43C1E8D675B0041D383 /* Questions.app */,
				333FC4531E8D675C0041D383 /* Q1.6Tests.xctest */,
				333FC45E1E8D675C0041D383 /* Q1.6UITests.xctest */,
			);
			name = Products;
			sourceTree = "<group>";
		};
		333FC43E1E8D675B0041D383 /* Q1.6 */ = {
			isa = PBXGroup;
			children = (
				333FC43F1E8D675B0041D383 /* AppDelegate.swift */,
				3385B70D1E93913F004B8446 /* WelcomeViewController.swift */,
				33597B6B1E9248FE005C4785 /* NotificationSettingViewController.swift */,
				33597B6D1E924BA3005C4785 /* CodeValidationViewController.swift */,
				33597B6F1E92568F005C4785 /* PolicyViewController.swift */,
				333FC4431E8D675B0041D383 /* Main.storyboard */,
				333FC4491E8D675B0041D383 /* Assets.xcassets */,
				333FC44B1E8D675B0041D383 /* LaunchScreen.storyboard */,
				333FC44E1E8D675B0041D383 /* Info.plist */,
				333FC4461E8D675B0041D383 /* Q1_6.xcdatamodeld */,
			);
			path = Q1.6;
			sourceTree = "<group>";
		};
		333FC4561E8D675C0041D383 /* Q1.6Tests */ = {
			isa = PBXGroup;
			children = (
				333FC4571E8D675C0041D383 /* Q1_6Tests.swift */,
				333FC4591E8D675C0041D383 /* Info.plist */,
			);
			path = Q1.6Tests;
			sourceTree = "<group>";
		};
		333FC4611E8D675C0041D383 /* Q1.6UITests */ = {
			isa = PBXGroup;
			children = (
				333FC4621E8D675C0041D383 /* Q1_6UITests.swift */,
				333FC4641E8D675C0041D383 /* Info.plist */,
			);
			path = Q1.6UITests;
			sourceTree = "<group>";
		};
/* End PBXGroup section */

/* Begin PBXNativeTarget section */
		333FC43B1E8D675A0041D383 /* Q1.6 */ = {
			isa = PBXNativeTarget;
			buildConfigurationList = 333FC4671E8D675C0041D383 /* Build configuration list for PBXNativeTarget "Q1.6" */;
			buildPhases = (
				333FC4381E8D675A0041D383 /* Sources */,
				333FC4391E8D675A0041D383 /* Frameworks */,
				333FC43A1E8D675A0041D383 /* Resources */,
			);
			buildRules = (
			);
			dependencies = (
			);
			name = Q1.6;
			productName = Q1.6;
			productReference = 333FC43C1E8D675B0041D383 /* Questions.app */;
			productType = "com.apple.product-type.application";
		};
		333FC4521E8D675C0041D383 /* Q1.6Tests */ = {
			isa = PBXNativeTarget;
			buildConfigurationList = 333FC46A1E8D675C0041D383 /* Build configuration list for PBXNativeTarget "Q1.6Tests" */;
			buildPhases = (
				333FC44F1E8D675C0041D383 /* Sources */,
				333FC4501E8D675C0041D383 /* Frameworks */,
				333FC4511E8D675C0041D383 /* Resources */,
			);
			buildRules = (
			);
			dependencies = (
				333FC4551E8D675C0041D383 /* PBXTargetDependency */,
			);
			name = Q1.6Tests;
			productName = Q1.6Tests;
			productReference = 333FC4531E8D675C0041D383 /* Q1.6Tests.xctest */;
			productType = "com.apple.product-type.bundle.unit-test";
		};
		333FC45D1E8D675C0041D383 /* Q1.6UITests */ = {
			isa = PBXNativeTarget;
			buildConfigurationList = 333FC46D1E8D675C0041D383 /* Build configuration list for PBXNativeTarget "Q1.6UITests" */;
			buildPhases = (
				333FC45A1E8D675C0041D383 /* Sources */,
				333FC45B1E8D675C0041D383 /* Frameworks */,
				333FC45C1E8D675C0041D383 /* Resources */,
			);
			buildRules = (
			);
			dependencies = (
				333FC4601E8D675C0041D383 /* PBXTargetDependency */,
			);
			name = Q1.6UITests;
			productName = Q1.6UITests;
			productReference = 333FC45E1E8D675C0041D383 /* Q1.6UITests.xctest */;
			productType = "com.apple.product-type.bundle.ui-testing";
		};
/* End PBXNativeTarget section */

/* Begin PBXProject section */
		333FC4341E8D675A0041D383 /* Project object */ = {
			isa = PBXProject;
			attributes = {
				LastSwiftUpdateCheck = 0720;
				LastUpgradeCheck = 0720;
				ORGANIZATIONNAME = SoftDev;
				TargetAttributes = {
					333FC43B1E8D675A0041D383 = {
						CreatedOnToolsVersion = 7.2.1;
					};
					333FC4521E8D675C0041D383 = {
						CreatedOnToolsVersion = 7.2.1;
						TestTargetID = 333FC43B1E8D675A0041D383;
					};
					333FC45D1E8D675C0041D383 = {
						CreatedOnToolsVersion = 7.2.1;
						TestTargetID = 333FC43B1E8D675A0041D383;
					};
				};
			};
			buildConfigurationList = 333FC4371E8D675A0041D383 /* Build configuration list for PBXProject "Q1.6" */;
			compatibilityVersion = "Xcode 3.2";
			developmentRegion = English;
			hasScannedForEncodings = 0;
			knownRegions = (
				en,
				Base,
			);
			mainGroup = 333FC4331E8D675A0041D383;
			productRefGroup = 333FC43D1E8D675B0041D383 /* Products */;
			projectDirPath = "";
			projectRoot = "";
			targets = (
				333FC43B1E8D675A0041D383 /* Q1.6 */,
				333FC4521E8D675C0041D383 /* Q1.6Tests */,
				333FC45D1E8D675C0041D383 /* Q1.6UITests */,
			);
		};
/* End PBXProject section */

/* Begin PBXResourcesBuildPhase section */
		333FC43A1E8D675A0041D383 /* Resources */ = {
			isa = PBXResourcesBuildPhase;
			buildActionMask = 2147483647;
			files = (
				333FC44D1E8D675B0041D383 /* LaunchScreen.storyboard in Resources */,
				333FC44A1E8D675B0041D383 /* Assets.xcassets in Resources */,
				333FC4451E8D675B0041D383 /* Main.storyboard in Resources */,
			);
			runOnlyForDeploymentPostprocessing = 0;
		};
		333FC4511E8D675C0041D383 /* Resources */ = {
			isa = PBXResourcesBuildPhase;
			buildActionMask = 2147483647;
			files = (
			);
			runOnlyForDeploymentPostprocessing = 0;
		};
		333FC45C1E8D675C0041D383 /* Resources */ = {
			isa = PBXResourcesBuildPhase;
			buildActionMask = 2147483647;
			files = (
			);
			runOnlyForDeploymentPostprocessing = 0;
		};
/* End PBXResourcesBuildPhase section */

/* Begin PBXSourcesBuildPhase section */
		333FC4381E8D675A0041D383 /* Sources */ = {
			isa = PBXSourcesBuildPhase;
			buildActionMask = 2147483647;
			files = (
				333FC4481E8D675B0041D383 /* Q1_6.xcdatamodeld in Sources */,
				33597B6C1E9248FE005C4785 /* NotificationSettingViewController.swift in Sources */,
				33597B701E92568F005C4785 /* PolicyViewController.swift in Sources */,
				3385B70E1E93913F004B8446 /* WelcomeViewController.swift in Sources */,
				33597B6E1E924BA3005C4785 /* CodeValidationViewController.swift in Sources */,
				333FC4401E8D675B0041D383 /* AppDelegate.swift in Sources */,
			);
			runOnlyForDeploymentPostprocessing = 0;
		};
		333FC44F1E8D675C0041D383 /* Sources */ = {
			isa = PBXSourcesBuildPhase;
			buildActionMask = 2147483647;
			files = (
				333FC4581E8D675C0041D383 /* Q1_6Tests.swift in Sources */,
			);
			runOnlyForDeploymentPostprocessing = 0;
		};
		333FC45A1E8D675C0041D383 /* Sources */ = {
			isa = PBXSourcesBuildPhase;
			buildActionMask = 2147483647;
			files = (
				333FC4631E8D675C0041D383 /* Q1_6UITests.swift in Sources */,
			);
			runOnlyForDeploymentPostprocessing = 0;
		};
/* End PBXSourcesBuildPhase section */

/* Begin PBXTargetDependency section */
		333FC4551E8D675C0041D383 /* PBXTargetDependency */ = {
			isa = PBXTargetDependency;
			target = 333FC43B1E8D675A0041D383 /* Q1.6 */;
			targetProxy = 333FC4541E8D675C0041D383 /* PBXContainerItemProxy */;
		};
		333FC4601E8D675C0041D383 /* PBXTargetDependency */ = {
			isa = PBXTargetDependency;
			target = 333FC43B1E8D675A0041D383 /* Q1.6 */;
			targetProxy = 333FC45F1E8D675C0041D383 /* PBXContainerItemProxy */;
		};
/* End PBXTargetDependency section */

/* Begin PBXVariantGroup section */
		333FC4431E8D675B0041D383 /* Main.storyboard */ = {
			isa = PBXVariantGroup;
			children = (
				333FC4441E8D675B0041D383 /* Base */,
			);
			name = Main.storyboard;
			sourceTree = "<group>";
		};
		333FC44B1E8D675B0041D383 /* LaunchScreen.storyboard */ = {
			isa = PBXVariantGroup;
			children = (
				333FC44C1E8D675B0041D383 /* Base */,
			);
			name = LaunchScreen.storyboard;
			sourceTree = "<group>";
		};
/* End PBXVariantGroup section */

/* Begin XCBuildConfiguration section */
		333FC4651E8D675C0041D383 /* Debug */ = {
			isa = XCBuildConfiguration;
			buildSettings = {
				ALWAYS_SEARCH_USER_PATHS = NO;
				CLANG_CXX_LANGUAGE_STANDARD = "gnu++0x";
				CLANG_CXX_LIBRARY = "libc++";
				CLANG_ENABLE_MODULES = YES;
				CLANG_ENABLE_OBJC_ARC = YES;
				CLANG_WARN_BOOL_CONVERSION = YES;
				CLANG_WARN_CONSTANT_CONVERSION = YES;
				CLANG_WARN_DIRECT_OBJC_ISA_USAGE = YES_ERROR;
				CLANG_WARN_EMPTY_BODY = YES;
				CLANG_WARN_ENUM_CONVERSION = YES;
				CLANG_WARN_INT_CONVERSION = YES;
				CLANG_WARN_OBJC_ROOT_CLASS = YES_ERROR;
				CLANG_WARN_UNREACHABLE_CODE = YES;
				CLANG_WARN__DUPLICATE_METHOD_MATCH = YES;
				"CODE_SIGN_IDENTITY[sdk=iphoneos*]" = "iPhone Developer";
				COPY_PHASE_STRIP = NO;
				DEBUG_INFORMATION_FORMAT = dwarf;
				ENABLE_STRICT_OBJC_MSGSEND = YES;
				ENABLE_TESTABILITY = YES;
				GCC_C_LANGUAGE_STANDARD = gnu99;
				GCC_DYNAMIC_NO_PIC = NO;
				GCC_NO_COMMON_BLOCKS = YES;
				GCC_OPTIMIZATION_LEVEL = 0;
				GCC_PREPROCESSOR_DEFINITIONS = (
					"DEBUG=1",
					"$(inherited)",
				);
				GCC_WARN_64_TO_32_BIT_CONVERSION = YES;
				GCC_WARN_ABOUT_RETURN_TYPE = YES_ERROR;
				GCC_WARN_UNDECLARED_SELECTOR = YES;
				GCC_WARN_UNINITIALIZED_AUTOS = YES_AGGRESSIVE;
				GCC_WARN_UNUSED_FUNCTION = YES;
				GCC_WARN_UNUSED_VARIABLE = YES;
				IPHONEOS_DEPLOYMENT_TARGET = 9.2;
				MTL_ENABLE_DEBUG_INFO = YES;
				ONLY_ACTIVE_ARCH = YES;
				SDKROOT = iphoneos;
				SWIFT_OPTIMIZATION_LEVEL = "-Onone";
				TARGETED_DEVICE_FAMILY = "1,2";
			};
			name = Debug;
		};
		333FC4661E8D675C0041D383 /* Release */ = {
			isa = XCBuildConfiguration;
			buildSettings = {
				ALWAYS_SEARCH_USER_PATHS = NO;
				CLANG_CXX_LANGUAGE_STANDARD = "gnu++0x";
				CLANG_CXX_LIBRARY = "libc++";
				CLANG_ENABLE_MODULES = YES;
				CLANG_ENABLE_OBJC_ARC = YES;
				CLANG_WARN_BOOL_CONVERSION = YES;
				CLANG_WARN_CONSTANT_CONVERSION = YES;
				CLANG_WARN_DIRECT_OBJC_ISA_USAGE = YES_ERROR;
				CLANG_WARN_EMPTY_BODY = YES;
				CLANG_WARN_ENUM_CONVERSION = YES;
				CLANG_WARN_INT_CONVERSION = YES;
				CLANG_WARN_OBJC_ROOT_CLASS = YES_ERROR;
				CLANG_WARN_UNREACHABLE_CODE = YES;
				CLANG_WARN__DUPLICATE_METHOD_MATCH = YES;
				"CODE_SIGN_IDENTITY[sdk=iphoneos*]" = "iPhone Developer";
				COPY_PHASE_STRIP = NO;
				DEBUG_INFORMATION_FORMAT = "dwarf-with-dsym";
				ENABLE_NS_ASSERTIONS = NO;
				ENABLE_STRICT_OBJC_MSGSEND = YES;
				GCC_C_LANGUAGE_STANDARD = gnu99;
				GCC_NO_COMMON_BLOCKS = YES;
				GCC_WARN_64_TO_32_BIT_CONVERSION = YES;
				GCC_WARN_ABOUT_RETURN_TYPE = YES_ERROR;
				GCC_WARN_UNDECLARED_SELECTOR = YES;
				GCC_WARN_UNINITIALIZED_AUTOS = YES_AGGRESSIVE;
				GCC_WARN_UNUSED_FUNCTION = YES;
				GCC_WARN_UNUSED_VARIABLE = YES;
				IPHONEOS_DEPLOYMENT_TARGET = 9.2;
				MTL_ENABLE_DEBUG_INFO = NO;
				SDKROOT = iphoneos;
				TARGETED_DEVICE_FAMILY = "1,2";
				VALIDATE_PRODUCT = YES;
			};
			name = Release;
		};
		333FC4681E8D675C0041D383 /* Debug */ = {
			isa = XCBuildConfiguration;
			buildSettings = {
				ASSETCATALOG_COMPILER_APPICON_NAME = AppIcon;
				INFOPLIST_FILE = Q1.6/Info.plist;
				LD_RUNPATH_SEARCH_PATHS = "$(inherited) @executable_path/Frameworks";
				PRODUCT_BUNDLE_IDENTIFIER = "com.dev.Q1-6";
				PRODUCT_NAME = Questions;
			};
			name = Debug;
		};
		333FC4691E8D675C0041D383 /* Release */ = {
			isa = XCBuildConfiguration;
			buildSettings = {
				ASSETCATALOG_COMPILER_APPICON_NAME = AppIcon;
				INFOPLIST_FILE = Q1.6/Info.plist;
				LD_RUNPATH_SEARCH_PATHS = "$(inherited) @executable_path/Frameworks";
				PRODUCT_BUNDLE_IDENTIFIER = "com.dev.Q1-6";
				PRODUCT_NAME = Questions;
			};
			name = Release;
		};
		333FC46B1E8D675C0041D383 /* Debug */ = {
			isa = XCBuildConfiguration;
			buildSettings = {
				BUNDLE_LOADER = "$(TEST_HOST)";
				INFOPLIST_FILE = Q1.6Tests/Info.plist;
				LD_RUNPATH_SEARCH_PATHS = "$(inherited) @executable_path/Frameworks @loader_path/Frameworks";
				PRODUCT_BUNDLE_IDENTIFIER = "com.dev.Q1-6Tests";
				PRODUCT_NAME = "$(TARGET_NAME)";
				TEST_HOST = "$(BUILT_PRODUCTS_DIR)/Q1.6.app/Q1.6";
			};
			name = Debug;
		};
		333FC46C1E8D675C0041D383 /* Release */ = {
			isa = XCBuildConfiguration;
			buildSettings = {
				BUNDLE_LOADER = "$(TEST_HOST)";
				INFOPLIST_FILE = Q1.6Tests/Info.plist;
				LD_RUNPATH_SEARCH_PATHS = "$(inherited) @executable_path/Frameworks @loader_path/Frameworks";
				PRODUCT_BUNDLE_IDENTIFIER = "com.dev.Q1-6Tests";
				PRODUCT_NAME = "$(TARGET_NAME)";
				TEST_HOST = "$(BUILT_PRODUCTS_DIR)/Q1.6.app/Q1.6";
			};
			name = Release;
		};
		333FC46E1E8D675C0041D383 /* Debug */ = {
			isa = XCBuildConfiguration;
			buildSettings = {
				INFOPLIST_FILE = Q1.6UITests/Info.plist;
				LD_RUNPATH_SEARCH_PATHS = "$(inherited) @executable_path/Frameworks @loader_path/Frameworks";
				PRODUCT_BUNDLE_IDENTIFIER = "com.dev.Q1-6UITests";
				PRODUCT_NAME = "$(TARGET_NAME)";
				TEST_TARGET_NAME = Q1.6;
				USES_XCTRUNNER = YES;
			};
			name = Debug;
		};
		333FC46F1E8D675C0041D383 /* Release */ = {
			isa = XCBuildConfiguration;
			buildSettings = {
				INFOPLIST_FILE = Q1.6UITests/Info.plist;
				LD_RUNPATH_SEARCH_PATHS = "$(inherited) @executable_path/Frameworks @loader_path/Frameworks";
				PRODUCT_BUNDLE_IDENTIFIER = "com.dev.Q1-6UITests";
				PRODUCT_NAME = "$(TARGET_NAME)";
				TEST_TARGET_NAME = Q1.6;
				USES_XCTRUNNER = YES;
			};
			name = Release;
		};
/* End XCBuildConfiguration section */

/* Begin XCConfigurationList section */
		333FC4371E8D675A0041D383 /* Build configuration list for PBXProject "Q1.6" */ = {
			isa = XCConfigurationList;
			buildConfigurations = (
				333FC4651E8D675C0041D383 /* Debug */,
				333FC4661E8D675C0041D383 /* Release */,
			);
			defaultConfigurationIsVisible = 0;
			defaultConfigurationName = Release;
		};
		333FC4671E8D675C0041D383 /* Build configuration list for PBXNativeTarget "Q1.6" */ = {
			isa = XCConfigurationList;
			buildConfigurations = (
				333FC4681E8D675C0041D383 /* Debug */,
				333FC4691E8D675C0041D383 /* Release */,
			);
			defaultConfigurationIsVisible = 0;
			defaultConfigurationName = Release;
		};
		333FC46A1E8D675C0041D383 /* Build configuration list for PBXNativeTarget "Q1.6Tests" */ = {
			isa = XCConfigurationList;
			buildConfigurations = (
				333FC46B1E8D675C0041D383 /* Debug */,
				333FC46C1E8D675C0041D383 /* Release */,
			);
			defaultConfigurationIsVisible = 0;
			defaultConfigurationName = Release;
		};
		333FC46D1E8D675C0041D383 /* Build configuration list for PBXNativeTarget "Q1.6UITests" */ = {
			isa = XCConfigurationList;
			buildConfigurations = (
				333FC46E1E8D675C0041D383 /* Debug */,
				333FC46F1E8D675C0041D383 /* Release */,
			);
			defaultConfigurationIsVisible = 0;
			defaultConfigurationName = Release;
		};
/* End XCConfigurationList section */

/* Begin XCVersionGroup section */
		333FC4461E8D675B0041D383 /* Q1_6.xcdatamodeld */ = {
			isa = XCVersionGroup;
			children = (
				333FC4471E8D675B0041D383 /* Q1_6.xcdatamodel */,
			);
			currentVersion = 333FC4471E8D675B0041D383 /* Q1_6.xcdatamodel */;
			path = Q1_6.xcdatamodeld;
			sourceTree = "<group>";
			versionGroupType = wrapper.xcdatamodel;
		};
/* End XCVersionGroup section */
	};
	rootObject = 333FC4341E8D675A0041D383 /* Project object */;
}
